# THIS IS AN AUTOGENERATED FILE. DO NOT EDIT THIS FILE DIRECTLY.
# yarn lockfile v1


"@babel/runtime@^7.1.2", "@babel/runtime@^7.12.18":
  version "7.20.7"
  resolved "http://r.npm.sankuai.com/@babel/runtime/download/@babel/runtime-7.20.7.tgz#fcb41a5a70550e04a7b708037c7c32f7f356d8fd"
  integrity sha1-/LQaWnBVDgSntwgDfHwy9/NW2P0=
  dependencies:
    regenerator-runtime "^0.13.11"

"@colors/colors@1.5.0":
  version "1.5.0"
  resolved "http://r.npm.sankuai.com/@colors/colors/download/@colors/colors-1.5.0.tgz#bb504579c1cae923e6576a4f5da43d25f97bdbd9"
  integrity sha1-u1BFecHK6SPmV2pPXaQ9Jfl729k=

"@types/benchmark@^2.1.0":
  version "2.1.1"
  resolved "http://r.npm.sankuai.com/@types/benchmark/download/@types/benchmark-2.1.1.tgz#d763df29717d93aa333eb11f421ef383a5df5673"
  integrity sha1-12PfKXF9k6ozPrEfQh7zg6XfVnM=

"@types/ioredis@^4.19.4":
  version "4.28.10"
  resolved "http://r.npm.sankuai.com/@types/ioredis/download/@types/ioredis-4.28.10.tgz#40ceb157a4141088d1394bb87c98ed09a75a06ff"
  integrity sha1-QM6xV6QUEIjROUu4fJjtCadaBv8=
  dependencies:
    "@types/node" "*"

"@types/js-cookie@^2.2.6":
  version "2.2.7"
  resolved "http://r.npm.sankuai.com/@types/js-cookie/download/@types/js-cookie-2.2.7.tgz#226a9e31680835a6188e887f3988e60c04d3f6a3"
  integrity sha1-ImqeMWgINaYYjoh/OYjmDATT9qM=

"@types/lodash-es@^4.17.3":
  version "4.17.6"
  resolved "http://r.npm.sankuai.com/@types/lodash-es/download/@types/lodash-es-4.17.6.tgz#c2ed4c8320ffa6f11b43eb89e9eaeec65966a0a0"
  integrity sha1-wu1MgyD/pvEbQ+uJ6eruxllmoKA=
  dependencies:
    "@types/lodash" "*"

"@types/lodash@*":
  version "4.14.191"
  resolved "http://r.npm.sankuai.com/@types/lodash/download/@types/lodash-4.14.191.tgz#09511e7f7cba275acd8b419ddac8da9a6a79e2fa"
  integrity sha1-CVEef3y6J1rNi0Gd2sjammp54vo=

"@types/node@*":
  version "18.11.18"
  resolved "http://r.npm.sankuai.com/@types/node/download/@types/node-18.11.18.tgz#8dfb97f0da23c2293e554c5a50d61ef134d7697f"
  integrity sha1-jfuX8Nojwik+VUxaUNYe8TTXaX8=

"@types/node@^18.0.6":
  version "18.6.3"
  resolved "https://registry.npmmirror.com/@types/node/-/node-18.6.3.tgz"
  integrity sha512-6qKpDtoaYLM+5+AFChLhHermMQxc3TOEFIDzrZLPRGHPrLEwqFkkT5Kx3ju05g6X7uDPazz3jHbKPX0KzCjntg==

"@types/tough-cookie@^4.0.0":
  version "4.0.2"
  resolved "http://r.npm.sankuai.com/@types/tough-cookie/download/@types/tough-cookie-4.0.2.tgz#6286b4c7228d58ab7866d19716f3696e03a09397"
  integrity sha1-Yoa0xyKNWKt4ZtGXFvNpbgOgk5c=

"@xobotyi/scrollbar-width@^1.9.5":
  version "1.9.5"
  resolved "http://r.npm.sankuai.com/@xobotyi/scrollbar-width/download/@xobotyi/scrollbar-width-1.9.5.tgz#80224a6919272f405b87913ca13b92929bdf3c4d"
  integrity sha1-gCJKaRknL0Bbh5E8oTuSkpvfPE0=

ansi-regex@^5.0.1:
  version "5.0.1"
  resolved "http://r.npm.sankuai.com/ansi-regex/download/ansi-regex-5.0.1.tgz#082cb2c89c9fe8659a311a53bd6a4dc5301db304"
  integrity sha1-CCyyyJyf6GWaMRpTvWpNxTAdswQ=

asynckit@^0.4.0:
  version "0.4.0"
  resolved "https://registry.npmmirror.com/asynckit/-/asynckit-0.4.0.tgz"
  integrity sha512-Oei9OH4tRh0YqU3GxhX79dM/mwVgvbZJaSNaRk+bshkj0S5cfHcgYakreBjrHwatXKbz+IoIdYLxrKim2MjW0Q==

axios@^0.27.2:
  version "0.27.2"
  resolved "https://registry.npmmirror.com/axios/-/axios-0.27.2.tgz"
  integrity sha512-t+yRIyySRTp/wua5xEr+z1q60QmLq8ABsS5O9Me1AsE5dfKqgnCFzwiCZZ/cGNd1lq4/7akDWMxdhVlucjmnOQ==
  dependencies:
    follow-redirects "^1.14.9"
    form-data "^4.0.0"

benchmark@^2.1.4:
  version "2.1.4"
  resolved "http://r.npm.sankuai.com/benchmark/download/benchmark-2.1.4.tgz#09f3de31c916425d498cc2ee565a0ebf3c2a5629"
  integrity sha1-CfPeMckWQl1JjMLuVloOvzwqVik=
  dependencies:
    lodash "^4.17.4"
    platform "^1.3.3"

camel-case@^4.1.2:
  version "4.1.2"
  resolved "http://r.npm.sankuai.com/camel-case/download/camel-case-4.1.2.tgz#9728072a954f805228225a6deea6b38461e1bd5a"
  integrity sha1-lygHKpVPgFIoIlpt7qazhGHhvVo=
  dependencies:
    pascal-case "^3.1.2"
    tslib "^2.0.3"

capital-case@^1.0.4:
  version "1.0.4"
  resolved "http://r.npm.sankuai.com/capital-case/download/capital-case-1.0.4.tgz#9d130292353c9249f6b00fa5852bee38a717e669"
  integrity sha1-nRMCkjU8kkn2sA+lhSvuOKcX5mk=
  dependencies:
    no-case "^3.0.4"
    tslib "^2.0.3"
    upper-case-first "^2.0.2"

change-case@^4.1.2:
  version "4.1.2"
  resolved "http://r.npm.sankuai.com/change-case/download/change-case-4.1.2.tgz#fedfc5f136045e2398c0410ee441f95704641e12"
  integrity sha1-/t/F8TYEXiOYwEEO5EH5VwRkHhI=
  dependencies:
    camel-case "^4.1.2"
    capital-case "^1.0.4"
    constant-case "^3.0.4"
    dot-case "^3.0.4"
    header-case "^2.0.4"
    no-case "^3.0.4"
    param-case "^3.0.4"
    pascal-case "^3.1.2"
    path-case "^3.0.4"
    sentence-case "^3.0.4"
    snake-case "^3.0.4"
    tslib "^2.0.3"

cli-table3@^0.6.0:
  version "0.6.3"
  resolved "http://r.npm.sankuai.com/cli-table3/download/cli-table3-0.6.3.tgz#61ab765aac156b52f222954ffc607a6f01dbeeb2"
  integrity sha1-Yat2WqwVa1LyIpVP/GB6bwHb7rI=
  dependencies:
    string-width "^4.2.0"
  optionalDependencies:
    "@colors/colors" "1.5.0"

cluster-key-slot@^1.1.0:
  version "1.1.2"
  resolved "http://r.npm.sankuai.com/cluster-key-slot/download/cluster-key-slot-1.1.2.tgz#88ddaa46906e303b5de30d3153b7d9fe0a0c19ac"
  integrity sha1-iN2qRpBuMDtd4w0xU7fZ/goMGaw=

combined-stream@^1.0.8:
  version "1.0.8"
  resolved "https://registry.npmmirror.com/combined-stream/-/combined-stream-1.0.8.tgz"
  integrity sha512-FQN4MRfuJeHf7cBbBMJFXhKSDq+2kAArBlmRBvcvFE5BB1HZKXtSFASDhdlz9zOYwxh8lDdnvmMOe/+5cdoEdg==
  dependencies:
    delayed-stream "~1.0.0"

constant-case@^3.0.4:
  version "3.0.4"
  resolved "http://r.npm.sankuai.com/constant-case/download/constant-case-3.0.4.tgz#3b84a9aeaf4cf31ec45e6bf5de91bdfb0589faf1"
  integrity sha1-O4Sprq9M8x7EXmv13pG9+wWJ+vE=
  dependencies:
    no-case "^3.0.4"
    tslib "^2.0.3"
    upper-case "^2.0.2"

copy-to-clipboard@^3.3.1:
  version "3.3.3"
  resolved "http://r.npm.sankuai.com/copy-to-clipboard/download/copy-to-clipboard-3.3.3.tgz#55ac43a1db8ae639a4bd99511c148cdd1b83a1b0"
  integrity sha1-VaxDoduK5jmkvZlRHBSM3RuDobA=
  dependencies:
    toggle-selection "^1.0.6"

css-in-js-utils@^3.1.0:
  version "3.1.0"
  resolved "http://r.npm.sankuai.com/css-in-js-utils/download/css-in-js-utils-3.1.0.tgz#640ae6a33646d401fc720c54fc61c42cd76ae2bb"
  integrity sha1-ZArmozZG1AH8cgxU/GHELNdq4rs=
  dependencies:
    hyphenate-style-name "^1.0.3"

css-tree@^1.1.2:
  version "1.1.3"
  resolved "http://r.npm.sankuai.com/css-tree/download/css-tree-1.1.3.tgz#eb4870fb6fd7707327ec95c2ff2ab09b5e8db91d"
  integrity sha1-60hw+2/XcHMn7JXC/yqwm16NuR0=
  dependencies:
    mdn-data "2.0.14"
    source-map "^0.6.1"

csstype@^3.0.6:
  version "3.1.1"
  resolved "http://r.npm.sankuai.com/csstype/download/csstype-3.1.1.tgz#841b532c45c758ee546a11d5bd7b7b473c8c30b9"
  integrity sha1-hBtTLEXHWO5UahHVvXt7RzyMMLk=

cuid@^2.1.8:
  version "2.1.8"
  resolved "http://r.npm.sankuai.com/cuid/download/cuid-2.1.8.tgz#cbb88f954171e0d5747606c0139fb65c5101eac0"
  integrity sha1-y7iPlUFx4NV0dgbAE5+2XFEB6sA=

date-fns@^2.24.0:
  version "2.29.3"
  resolved "http://r.npm.sankuai.com/date-fns/download/date-fns-2.29.3.tgz#27402d2fc67eb442b511b70bbdf98e6411cd68a8"
  integrity sha1-J0AtL8Z+tEK1EbcLvfmOZBHNaKg=

debug@^4.3.1:
  version "4.3.4"
  resolved "http://r.npm.sankuai.com/debug/download/debug-4.3.4.tgz#1319f6579357f2338d3337d2cdd4914bb5dcc865"
  integrity sha1-Exn2V5NX8jONMzfSzdSRS7XcyGU=
  dependencies:
    ms "2.1.2"

decimal.js-light@^2.5.1:
  version "2.5.1"
  resolved "http://r.npm.sankuai.com/decimal.js-light/download/decimal.js-light-2.5.1.tgz#134fd32508f19e208f4fb2f8dac0d2626a867934"
  integrity sha1-E0/TJQjxniCPT7L42sDSYmqGeTQ=

delayed-stream@~1.0.0:
  version "1.0.0"
  resolved "https://registry.npmmirror.com/delayed-stream/-/delayed-stream-1.0.0.tgz"
  integrity sha512-ZySD7Nf91aLB0RxL4KGrKHBXl7Eds1DAmEdcoVawXnLD7SDhpNgtuII2aAkg7a7QS41jxPSZ17p4VdGnMHk3MQ==

denque@^1.1.0:
  version "1.5.1"
  resolved "http://r.npm.sankuai.com/denque/download/denque-1.5.1.tgz#07f670e29c9a78f8faecb2566a1e2c11929c5cbf"
  integrity sha1-B/Zw4pyaePj67LJWah4sEZKcXL8=

dom-serializer@^1.0.1:
  version "1.4.1"
  resolved "http://r.npm.sankuai.com/dom-serializer/download/dom-serializer-1.4.1.tgz#de5d41b1aea290215dc45a6dae8adcf1d32e2d30"
  integrity sha1-3l1Bsa6ikCFdxFptrorc8dMuLTA=
  dependencies:
    domelementtype "^2.0.1"
    domhandler "^4.2.0"
    entities "^2.0.0"

domelementtype@^2.0.1, domelementtype@^2.2.0:
  version "2.3.0"
  resolved "http://r.npm.sankuai.com/domelementtype/download/domelementtype-2.3.0.tgz#5c45e8e869952626331d7aab326d01daf65d589d"
  integrity sha1-XEXo6GmVJiYzHXqrMm0B2vZdWJ0=

domhandler@^4.0.0, domhandler@^4.2.0:
  version "4.3.1"
  resolved "http://r.npm.sankuai.com/domhandler/download/domhandler-4.3.1.tgz#8d792033416f59d68bc03a5aa7b018c1ca89279c"
  integrity sha1-jXkgM0FvWdaLwDpap7AYwcqJJ5w=
  dependencies:
    domelementtype "^2.2.0"

domutils@^2.5.2:
  version "2.8.0"
  resolved "http://r.npm.sankuai.com/domutils/download/domutils-2.8.0.tgz#4437def5db6e2d1f5d6ee859bd95ca7d02048135"
  integrity sha1-RDfe9dtuLR9dbuhZvZXKfQIEgTU=
  dependencies:
    dom-serializer "^1.0.1"
    domelementtype "^2.2.0"
    domhandler "^4.2.0"

dot-case@^3.0.4:
  version "3.0.4"
  resolved "http://r.npm.sankuai.com/dot-case/download/dot-case-3.0.4.tgz#9b2b670d00a431667a8a75ba29cd1b98809ce751"
  integrity sha1-mytnDQCkMWZ6inW6Kc0bmICc51E=
  dependencies:
    no-case "^3.0.4"
    tslib "^2.0.3"

emoji-regex@^8.0.0:
  version "8.0.0"
  resolved "http://r.npm.sankuai.com/emoji-regex/download/emoji-regex-8.0.0.tgz#e818fd69ce5ccfcb404594f842963bf53164cc37"
  integrity sha1-6Bj9ac5cz8tARZT4QpY79TFkzDc=

entities@^2.0.0:
  version "2.2.0"
  resolved "http://r.npm.sankuai.com/entities/download/entities-2.2.0.tgz#098dc90ebb83d8dffa089d55256b351d34c4da55"
  integrity sha1-CY3JDruD2N/6CJ1VJWs1HTTE2lU=

error-stack-parser@^2.0.6:
  version "2.1.4"
  resolved "http://r.npm.sankuai.com/error-stack-parser/download/error-stack-parser-2.1.4.tgz#229cb01cdbfa84440bfa91876285b94680188286"
  integrity sha1-IpywHNv6hEQL+pGHYoW5RoAYgoY=
  dependencies:
    stackframe "^1.3.4"

fast-deep-equal@^3.1.3:
  version "3.1.3"
  resolved "http://r.npm.sankuai.com/fast-deep-equal/download/fast-deep-equal-3.1.3.tgz#3a7d56b559d6cbc3eb512325244e619a65c6c525"
  integrity sha1-On1WtVnWy8PrUSMlJE5hmmXGxSU=

fast-loops@^1.1.3:
  version "1.1.3"
  resolved "http://r.npm.sankuai.com/fast-loops/download/fast-loops-1.1.3.tgz#ce96adb86d07e7bf9b4822ab9c6fac9964981f75"
  integrity sha1-zpatuG0H57+bSCKrnG+smWSYH3U=

fast-shallow-equal@^1.0.0:
  version "1.0.0"
  resolved "http://r.npm.sankuai.com/fast-shallow-equal/download/fast-shallow-equal-1.0.0.tgz#d4dcaf6472440dcefa6f88b98e3251e27f25628b"
  integrity sha1-1NyvZHJEDc76b4i5jjJR4n8lYos=

fast-xml-parser@^3.18.0:
  version "3.21.1"
  resolved "http://r.npm.sankuai.com/fast-xml-parser/download/fast-xml-parser-3.21.1.tgz#152a1d51d445380f7046b304672dd55d15c9e736"
  integrity sha1-FSodUdRFOA9wRrMEZy3VXRXJ5zY=
  dependencies:
    strnum "^1.0.4"

fastest-stable-stringify@^2.0.2:
  version "2.0.2"
  resolved "http://r.npm.sankuai.com/fastest-stable-stringify/download/fastest-stable-stringify-2.0.2.tgz#3757a6774f6ec8de40c4e86ec28ea02417214c76"
  integrity sha1-N1emd09uyN5AxOhuwo6gJBchTHY=

follow-redirects@^1.14.9:
  version "1.15.1"
  resolved "https://registry.npmmirror.com/follow-redirects/-/follow-redirects-1.15.1.tgz"
  integrity sha512-yLAMQs+k0b2m7cVxpS1VKJVvoz7SS9Td1zss3XRwXj+ZDH00RJgnuLx7E44wx02kQLrdM3aOOy+FpzS7+8OizA==

form-data@^4.0.0:
  version "4.0.0"
  resolved "https://registry.npmmirror.com/form-data/-/form-data-4.0.0.tgz"
  integrity sha512-ETEklSGi5t0QMZuiXoA/Q6vcnxcLQP5vdugSpuAyi6SVGi2clPPp+xgEhuMaHC+zGgn31Kd235W35f7Hykkaww==
  dependencies:
    asynckit "^0.4.0"
    combined-stream "^1.0.8"
    mime-types "^2.1.12"

gcoord@^0.3.2:
  version "0.3.2"
  resolved "http://r.npm.sankuai.com/gcoord/download/gcoord-0.3.2.tgz#57efe1535e1fe79095d0b2166600941c33438d42"
  integrity sha1-V+/hU14f55CV0LIWZgCUHDNDjUI=

header-case@^2.0.4:
  version "2.0.4"
  resolved "http://r.npm.sankuai.com/header-case/download/header-case-2.0.4.tgz#5a42e63b55177349cf405beb8d775acabb92c063"
  integrity sha1-WkLmO1UXc0nPQFvrjXdayruSwGM=
  dependencies:
    capital-case "^1.0.4"
    tslib "^2.0.3"

html-entities@^2.1.0:
  version "2.3.3"
  resolved "http://r.npm.sankuai.com/html-entities/download/html-entities-2.3.3.tgz#117d7626bece327fc8baace8868fa6f5ef856e46"
  integrity sha1-EX12Jr7OMn/Iuqzoho+m9e+FbkY=

htmlparser2@^6.0.0:
  version "6.1.0"
  resolved "http://r.npm.sankuai.com/htmlparser2/download/htmlparser2-6.1.0.tgz#c4d762b6c3371a05dbe65e94ae43a9f845fb8fb7"
  integrity sha1-xNditsM3GgXb5l6UrkOp+EX7j7c=
  dependencies:
    domelementtype "^2.0.1"
    domhandler "^4.0.0"
    domutils "^2.5.2"
    entities "^2.0.0"

htmr@^1.0.1:
  version "1.0.1"
  resolved "http://r.npm.sankuai.com/htmr/download/htmr-1.0.1.tgz#8083bacf74130bbd040aa0ffb32f26ed794f8c22"
  integrity sha1-gIO6z3QTC70ECqD/sy8m7XlPjCI=
  dependencies:
    html-entities "^2.1.0"
    htmlparser2 "^6.0.0"

hyphenate-style-name@^1.0.3:
  version "1.0.4"
  resolved "http://r.npm.sankuai.com/hyphenate-style-name/download/hyphenate-style-name-1.0.4.tgz#691879af8e220aea5750e8827db4ef62a54e361d"
  integrity sha1-aRh5r44iCupXUOiCfbTvYqVONh0=

inline-style-prefixer@^6.0.0:
  version "6.0.4"
  resolved "http://r.npm.sankuai.com/inline-style-prefixer/download/inline-style-prefixer-6.0.4.tgz#4290ed453ab0e4441583284ad86e41ad88384f44"
  integrity sha1-QpDtRTqw5EQVgyhK2G5BrYg4T0Q=
  dependencies:
    css-in-js-utils "^3.1.0"
    fast-loops "^1.1.3"

ioredis@^4.22.0, ioredis@^4.3.0:
  version "4.28.5"
  resolved "http://r.npm.sankuai.com/ioredis/download/ioredis-4.28.5.tgz#5c149e6a8d76a7f8fa8a504ffc85b7d5b6797f9f"
  integrity sha1-XBSeao12p/j6ilBP/IW31bZ5f58=
  dependencies:
    cluster-key-slot "^1.1.0"
    debug "^4.3.1"
    denque "^1.1.0"
    lodash.defaults "^4.2.0"
    lodash.flatten "^4.4.0"
    lodash.isarguments "^3.1.0"
    p-map "^2.1.0"
    redis-commands "1.7.0"
    redis-errors "^1.2.0"
    redis-parser "^3.0.0"
    standard-as-callback "^2.1.0"

is-fullwidth-code-point@^3.0.0:
  version "3.0.0"
  resolved "http://r.npm.sankuai.com/is-fullwidth-code-point/download/is-fullwidth-code-point-3.0.0.tgz#f116f8064fe90b3f7844a38997c0b75051269f1d"
  integrity sha1-8Rb4Bk/pCz94RKOJl8C3UFEmnx0=

js-cookie@^2.2.1:
  version "2.2.1"
  resolved "http://r.npm.sankuai.com/js-cookie/download/js-cookie-2.2.1.tgz#69e106dc5d5806894562902aa5baec3744e9b2b8"
  integrity sha1-aeEG3F1YBolFYpAqpbrsN0Tpsrg=

"js-tokens@^3.0.0 || ^4.0.0":
  version "4.0.0"
  resolved "http://r.npm.sankuai.com/js-tokens/download/js-tokens-4.0.0.tgz#19203fb59991df98e3a287050d4647cdeaf32499"
  integrity sha1-GSA/tZmR35jjoocFDUZHzerzJJk=

lodash-es@^4.17.15:
  version "4.17.21"
  resolved "http://r.npm.sankuai.com/lodash-es/download/lodash-es-4.17.21.tgz#43e626c46e6591b7750beb2b50117390c609e3ee"
  integrity sha1-Q+YmxG5lkbd1C+srUBFzkMYJ4+4=

lodash-uni@^1.1.0:
  version "1.1.0"
  resolved "http://r.npm.sankuai.com/lodash-uni/download/lodash-uni-1.1.0.tgz#fe36efa26fd7541ba9d0d18c75037123e07992f0"
  integrity sha1-/jbvom/XVBup0NGMdQNxI+B5kvA=
  dependencies:
    "@types/lodash-es" "^4.17.3"
    lodash "^4.17.20"
    lodash-es "^4.17.15"

lodash.defaults@^4.2.0:
  version "4.2.0"
  resolved "http://r.npm.sankuai.com/lodash.defaults/download/lodash.defaults-4.2.0.tgz#d09178716ffea4dde9e5fb7b37f6f0802274580c"
  integrity sha1-0JF4cW/+pN3p5ft7N/bwgCJ0WAw=

lodash.flatten@^4.4.0:
  version "4.4.0"
  resolved "http://r.npm.sankuai.com/lodash.flatten/download/lodash.flatten-4.4.0.tgz#f31c22225a9632d2bbf8e4addbef240aa765a61f"
  integrity sha1-8xwiIlqWMtK7+OSt2+8kCqdlph8=

lodash.isarguments@^3.1.0:
  version "3.1.0"
  resolved "http://r.npm.sankuai.com/lodash.isarguments/download/lodash.isarguments-3.1.0.tgz#2f573d85c6a24289ff00663b491c1d338ff3458a"
  integrity sha1-L1c9hcaiQon/AGY7SRwdM4/zRYo=

lodash@^4.17.20, lodash@^4.17.4:
  version "4.17.21"
  resolved "http://r.npm.sankuai.com/lodash/download/lodash-4.17.21.tgz#679591c564c3bffaae8454cf0b3df370c3d6911c"
  integrity sha1-Z5WRxWTDv/quhFTPCz3zcMPWkRw=

loose-envify@^1.1.0:
  version "1.4.0"
  resolved "http://r.npm.sankuai.com/loose-envify/download/loose-envify-1.4.0.tgz#71ee51fa7be4caec1a63839f7e682d8132d30caf"
  integrity sha1-ce5R+nvkyuwaY4OffmgtgTLTDK8=
  dependencies:
    js-tokens "^3.0.0 || ^4.0.0"

lower-case@^2.0.2:
  version "2.0.2"
  resolved "http://r.npm.sankuai.com/lower-case/download/lower-case-2.0.2.tgz#6fa237c63dbdc4a82ca0fd882e4722dc5e634e28"
  integrity sha1-b6I3xj29xKgsoP2ILkci3F5jTig=
  dependencies:
    tslib "^2.0.3"

mdn-data@2.0.14:
  version "2.0.14"
  resolved "http://r.npm.sankuai.com/mdn-data/download/mdn-data-2.0.14.tgz#7113fc4281917d63ce29b43446f701e68c25ba50"
  integrity sha1-cRP8QoGRfWPOKbQ0RvcB5owlulA=

mime-db@1.52.0:
  version "1.52.0"
  resolved "https://registry.npmmirror.com/mime-db/-/mime-db-1.52.0.tgz"
  integrity sha512-sPU4uV7dYlvtWJxwwxHD0PuihVNiE7TyAbQ5SWxDCB9mUYvOgroQOwYQQOKPJ8CIbE+1ETVlOoK1UC2nU3gYvg==

mime-types@^2.1.12:
  version "2.1.35"
  resolved "https://registry.npmmirror.com/mime-types/-/mime-types-2.1.35.tgz"
  integrity sha512-ZDY+bPm5zTTF+YpCrAU9nK0UgICYPT0QtT1NZWFv4s++TNkcgVaT0g6+4R2uI4MjQjzysHB1zxuWL50hzaeXiw==
  dependencies:
    mime-db "1.52.0"

ms@2.1.2:
  version "2.1.2"
  resolved "http://r.npm.sankuai.com/ms/download/ms-2.1.2.tgz#d09d1f357b443f493382a8eb3ccd183872ae6009"
  integrity sha1-0J0fNXtEP0kzgqjrPM0YOHKuYAk=

nano-css@^5.3.1:
  version "5.3.5"
  resolved "http://r.npm.sankuai.com/nano-css/download/nano-css-5.3.5.tgz#3075ea29ffdeb0c7cb6d25edb21d8f7fa8e8fe8e"
  integrity sha1-MHXqKf/esMfLbSXtsh2Pf6jo/o4=
  dependencies:
    css-tree "^1.1.2"
    csstype "^3.0.6"
    fastest-stable-stringify "^2.0.2"
    inline-style-prefixer "^6.0.0"
    rtl-css-js "^1.14.0"
    sourcemap-codec "^1.4.8"
    stacktrace-js "^2.0.2"
    stylis "^4.0.6"

nanoid@^3.1.20:
  version "3.3.4"
  resolved "http://r.npm.sankuai.com/nanoid/download/nanoid-3.3.4.tgz#730b67e3cd09e2deacf03c027c81c9d9dbc5e8ab"
  integrity sha1-cwtn480J4t6s8DwCfIHJ2dvF6Ks=

no-case@^3.0.4:
  version "3.0.4"
  resolved "http://r.npm.sankuai.com/no-case/download/no-case-3.0.4.tgz#d361fd5c9800f558551a8369fc0dcd4662b6124d"
  integrity sha1-02H9XJgA9VhVGoNp/A3NRmK2Ek0=
  dependencies:
    lower-case "^2.0.2"
    tslib "^2.0.3"

p-map@^2.1.0:
  version "2.1.0"
  resolved "http://r.npm.sankuai.com/p-map/download/p-map-2.1.0.tgz#310928feef9c9ecc65b68b17693018a665cea175"
  integrity sha1-MQko/u+cnsxltosXaTAYpmXOoXU=

param-case@^3.0.4:
  version "3.0.4"
  resolved "http://r.npm.sankuai.com/param-case/download/param-case-3.0.4.tgz#7d17fe4aa12bde34d4a77d91acfb6219caad01c5"
  integrity sha1-fRf+SqEr3jTUp32RrPtiGcqtAcU=
  dependencies:
    dot-case "^3.0.4"
    tslib "^2.0.3"

pascal-case@^3.1.2:
  version "3.1.2"
  resolved "http://r.npm.sankuai.com/pascal-case/download/pascal-case-3.1.2.tgz#b48e0ef2b98e205e7c1dae747d0b1508237660eb"
  integrity sha1-tI4O8rmOIF58Ha50fQsVCCN2YOs=
  dependencies:
    no-case "^3.0.4"
    tslib "^2.0.3"

path-case@^3.0.4:
  version "3.0.4"
  resolved "http://r.npm.sankuai.com/path-case/download/path-case-3.0.4.tgz#9168645334eb942658375c56f80b4c0cb5f82c6f"
  integrity sha1-kWhkUzTrlCZYN1xW+AtMDLX4LG8=
  dependencies:
    dot-case "^3.0.4"
    tslib "^2.0.3"

platform@^1.3.3:
  version "1.3.6"
  resolved "http://r.npm.sankuai.com/platform/download/platform-1.3.6.tgz#48b4ce983164b209c2d45a107adb31f473a6e7a7"
  integrity sha1-SLTOmDFksgnC1FoQetsx9HOm56c=

property-expr@^2.0.4:
  version "2.0.5"
  resolved "http://r.npm.sankuai.com/property-expr/download/property-expr-2.0.5.tgz#278bdb15308ae16af3e3b9640024524f4dc02cb4"
  integrity sha1-J4vbFTCK4Wrz47lkACRST03ALLQ=

psl@^1.1.33:
  version "1.9.0"
  resolved "http://r.npm.sankuai.com/psl/download/psl-1.9.0.tgz#d0df2a137f00794565fcaf3b2c00cd09f8d5a5a7"
  integrity sha1-0N8qE38AeUVl/K87LADNCfjVpac=

punycode@>=0.2.0, punycode@^2.1.1:
  version "2.1.1"
  resolved "http://r.npm.sankuai.com/punycode/download/punycode-2.1.1.tgz#b58b010ac40c22c5657616c8d2c2c02c7bf479ec"
  integrity sha1-tYsBCsQMIsVldhbI0sLALHv0eew=

querystringify@^2.1.1:
  version "2.2.0"
  resolved "http://r.npm.sankuai.com/querystringify/download/querystringify-2.2.0.tgz#3345941b4153cb9d082d8eee4cda2016a9aef7f6"
  integrity sha1-M0WUG0FTy50ILY7uTNogFqmu9/Y=

react-universal-interface@^0.6.2:
  version "0.6.2"
  resolved "http://r.npm.sankuai.com/react-universal-interface/download/react-universal-interface-0.6.2.tgz#5e8d438a01729a4dbbcbeeceb0b86be146fe2b3b"
  integrity sha1-Xo1DigFymk27y+7OsLhr4Ub+Kzs=

react-use@^17.2.1:
  version "17.4.0"
  resolved "http://r.npm.sankuai.com/react-use/download/react-use-17.4.0.tgz#cefef258b0a6c534a5c8021c2528ac6e1a4cdc6d"
  integrity sha1-zv7yWLCmxTSlyAIcJSisbhpM3G0=
  dependencies:
    "@types/js-cookie" "^2.2.6"
    "@xobotyi/scrollbar-width" "^1.9.5"
    copy-to-clipboard "^3.3.1"
    fast-deep-equal "^3.1.3"
    fast-shallow-equal "^1.0.0"
    js-cookie "^2.2.1"
    nano-css "^5.3.1"
    react-universal-interface "^0.6.2"
    resize-observer-polyfill "^1.5.1"
    screenfull "^5.1.0"
    set-harmonic-interval "^1.0.1"
    throttle-debounce "^3.0.1"
    ts-easing "^0.2.0"
    tslib "^2.1.0"

react@^18.2.0:
  version "18.2.0"
  resolved "http://r.npm.sankuai.com/react/download/react-18.2.0.tgz#555bd98592883255fa00de14f1151a917b5d77d5"
  integrity sha1-VVvZhZKIMlX6AN4U8RUakXtdd9U=
  dependencies:
    loose-envify "^1.1.0"

redis-commands@1.7.0:
  version "1.7.0"
  resolved "http://r.npm.sankuai.com/redis-commands/download/redis-commands-1.7.0.tgz#15a6fea2d58281e27b1cd1acfb4b293e278c3a89"
  integrity sha1-Fab+otWCgeJ7HNGs+0spPieMOok=

redis-errors@^1.0.0, redis-errors@^1.2.0:
  version "1.2.0"
  resolved "http://r.npm.sankuai.com/redis-errors/download/redis-errors-1.2.0.tgz#eb62d2adb15e4eaf4610c04afe1529384250abad"
  integrity sha1-62LSrbFeTq9GEMBK/hUpOEJQq60=

redis-parser@^3.0.0:
  version "3.0.0"
  resolved "http://r.npm.sankuai.com/redis-parser/download/redis-parser-3.0.0.tgz#b66d828cdcafe6b4b8a428a7def4c6bcac31c8b4"
  integrity sha1-tm2CjNyv5rS4pCin3vTGvKwxyLQ=
  dependencies:
    redis-errors "^1.0.0"

regenerator-runtime@^0.13.11:
  version "0.13.11"
  resolved "http://r.npm.sankuai.com/regenerator-runtime/download/regenerator-runtime-0.13.11.tgz#f6dca3e7ceec20590d07ada785636a90cdca17f9"
  integrity sha1-9tyj587sIFkNB62nhWNqkM3KF/k=

requires-port@^1.0.0:
  version "1.0.0"
  resolved "http://r.npm.sankuai.com/requires-port/download/requires-port-1.0.0.tgz#925d2601d39ac485e091cf0da5c6e694dc3dcaff"
  integrity sha1-kl0mAdOaxIXgkc8NpcbmlNw9yv8=

resize-observer-polyfill@^1.5.1:
  version "1.5.1"
  resolved "http://r.npm.sankuai.com/resize-observer-polyfill/download/resize-observer-polyfill-1.5.1.tgz#0e9020dd3d21024458d4ebd27e23e40269810464"
  integrity sha1-DpAg3T0hAkRY1OvSfiPkAmmBBGQ=

rtl-css-js@^1.14.0:
  version "1.16.0"
  resolved "http://r.npm.sankuai.com/rtl-css-js/download/rtl-css-js-1.16.0.tgz#e8d682982441aadb63cabcb2f7385f3fb78ff26e"
  integrity sha1-6NaCmCRBqttjyryy9zhfP7eP8m4=
  dependencies:
    "@babel/runtime" "^7.1.2"

screenfull@^5.1.0:
  version "5.2.0"
  resolved "http://r.npm.sankuai.com/screenfull/download/screenfull-5.2.0.tgz#6533d524d30621fc1283b9692146f3f13a93d1ba"
  integrity sha1-ZTPVJNMGIfwSg7lpIUbz8TqT0bo=

sentence-case@^3.0.4:
  version "3.0.4"
  resolved "http://r.npm.sankuai.com/sentence-case/download/sentence-case-3.0.4.tgz#3645a7b8c117c787fde8702056225bb62a45131f"
  integrity sha1-NkWnuMEXx4f96HAgViJbtipFEx8=
  dependencies:
    no-case "^3.0.4"
    tslib "^2.0.3"
    upper-case-first "^2.0.2"

set-harmonic-interval@^1.0.1:
  version "1.0.1"
  resolved "http://r.npm.sankuai.com/set-harmonic-interval/download/set-harmonic-interval-1.0.1.tgz#e1773705539cdfb80ce1c3d99e7f298bb3995249"
  integrity sha1-4Xc3BVOc37gM4cPZnn8pi7OZUkk=

snake-case@^3.0.4:
  version "3.0.4"
  resolved "http://r.npm.sankuai.com/snake-case/download/snake-case-3.0.4.tgz#4f2bbd568e9935abdfd593f34c691dadb49c452c"
  integrity sha1-Tyu9Vo6ZNavf1ZPzTGkdrbScRSw=
  dependencies:
    dot-case "^3.0.4"
    tslib "^2.0.3"

source-map@0.5.6:
  version "0.5.6"
  resolved "http://r.npm.sankuai.com/source-map/download/source-map-0.5.6.tgz#75ce38f52bf0733c5a7f0c118d81334a2bb5f412"
  integrity sha1-dc449SvwczxafwwRjYEzSiu19BI=

source-map@^0.6.1:
  version "0.6.1"
  resolved "http://r.npm.sankuai.com/source-map/download/source-map-0.6.1.tgz#74722af32e9614e9c287a8d0bbde48b5e2f1a263"
  integrity sha1-dHIq8y6WFOnCh6jQu95IteLxomM=

sourcemap-codec@^1.4.8:
  version "1.4.8"
  resolved "http://r.npm.sankuai.com/sourcemap-codec/download/sourcemap-codec-1.4.8.tgz#ea804bd94857402e6992d05a38ef1ae35a9ab4c4"
  integrity sha1-6oBL2UhXQC5pktBaOO8a41qatMQ=

stack-generator@^2.0.5:
  version "2.0.5"
  resolved "http://r.npm.sankuai.com/stack-generator/download/stack-generator-2.0.5.tgz#fb00e5b4ee97de603e0773ea78ce944d81596c36"
  integrity sha1-+wDltO6X3mA+B3PqeM6UTYFZbDY=
  dependencies:
    stackframe "^1.1.1"

stackframe@^1.1.1, stackframe@^1.3.4:
  version "1.3.4"
  resolved "http://r.npm.sankuai.com/stackframe/download/stackframe-1.3.4.tgz#b881a004c8c149a5e8efef37d51b16e412943310"
  integrity sha1-uIGgBMjBSaXo7+831RsW5BKUMxA=

stacktrace-gps@^3.0.4:
  version "3.0.4"
  resolved "http://r.npm.sankuai.com/stacktrace-gps/download/stacktrace-gps-3.0.4.tgz#7688dc2fc09ffb3a13165ebe0dbcaf41bcf0c69a"
  integrity sha1-dojcL8Cf+zoTFl6+DbyvQbzwxpo=
  dependencies:
    source-map "0.5.6"
    stackframe "^1.1.1"

stacktrace-js@^2.0.2:
  version "2.0.2"
  resolved "http://r.npm.sankuai.com/stacktrace-js/download/stacktrace-js-2.0.2.tgz#4ca93ea9f494752d55709a081d400fdaebee897b"
  integrity sha1-TKk+qfSUdS1VcJoIHUAP2uvuiXs=
  dependencies:
    error-stack-parser "^2.0.6"
    stack-generator "^2.0.5"
    stacktrace-gps "^3.0.4"

standard-as-callback@^2.1.0:
  version "2.1.0"
  resolved "http://r.npm.sankuai.com/standard-as-callback/download/standard-as-callback-2.1.0.tgz#8953fc05359868a77b5b9739a665c5977bb7df45"
  integrity sha1-iVP8BTWYaKd7W5c5pmXFl3u330U=

string-width@^4.2.0:
  version "4.2.3"
  resolved "http://r.npm.sankuai.com/string-width/download/string-width-4.2.3.tgz#269c7117d27b05ad2e536830a8ec895ef9c6d010"
  integrity sha1-JpxxF9J7Ba0uU2gwqOyJXvnG0BA=
  dependencies:
    emoji-regex "^8.0.0"
    is-fullwidth-code-point "^3.0.0"
    strip-ansi "^6.0.1"

strip-ansi@^6.0.1:
  version "6.0.1"
  resolved "http://r.npm.sankuai.com/strip-ansi/download/strip-ansi-6.0.1.tgz#9e26c63d30f53443e9489495b2105d37b67a85d9"
  integrity sha1-nibGPTD1NEPpSJSVshBdN7Z6hdk=
  dependencies:
    ansi-regex "^5.0.1"

strnum@^1.0.4:
  version "1.0.5"
  resolved "http://r.npm.sankuai.com/strnum/download/strnum-1.0.5.tgz#5c4e829fe15ad4ff0d20c3db5ac97b73c9b072db"
  integrity sha1-XE6Cn+Fa1P8NIMPbWsl7c8mwcts=

stylis@^4.0.6:
  version "4.1.3"
  resolved "http://r.npm.sankuai.com/stylis/download/stylis-4.1.3.tgz#fd2fbe79f5fed17c55269e16ed8da14c84d069f7"
  integrity sha1-/S++efX+0XxVJp4W7Y2hTITQafc=

throttle-debounce@^3.0.1:
  version "3.0.1"
  resolved "http://r.npm.sankuai.com/throttle-debounce/download/throttle-debounce-3.0.1.tgz#32f94d84dfa894f786c9a1f290e7a645b6a19abb"
  integrity sha1-MvlNhN+olPeGyaHykOemRbahmrs=

toggle-selection@^1.0.6:
  version "1.0.6"
  resolved "http://r.npm.sankuai.com/toggle-selection/download/toggle-selection-1.0.6.tgz#6e45b1263f2017fa0acc7d89d78b15b8bf77da32"
  integrity sha1-bkWxJj8gF/oKzH2J14sVuL932jI=

toposort@^2.0.2:
  version "2.0.2"
  resolved "http://r.npm.sankuai.com/toposort/download/toposort-2.0.2.tgz#ae21768175d1559d48bef35420b2f4962f09c330"
  integrity sha1-riF2gXXRVZ1IvvNUILL0li8JwzA=

tough-cookie-redisstore@^0.0.4:
  version "0.0.4"
  resolved "http://r.npm.sankuai.com/tough-cookie-redisstore/download/tough-cookie-redisstore-0.0.4.tgz#f2b5284924c6aa81e5086a63c28234751a13879c"
  integrity sha1-8rUoSSTGqoHlCGpjwoI0dRoTh5w=
  dependencies:
    ioredis "^4.3.0"
    tough-cookie "~0.12.1"

tough-cookie@^4.0.0:
  version "4.1.2"
  resolved "http://r.npm.sankuai.com/tough-cookie/download/tough-cookie-4.1.2.tgz#e53e84b85f24e0b65dd526f46628db6c85f6b874"
  integrity sha1-5T6EuF8k4LZd1Sb0ZijbbIX2uHQ=
  dependencies:
    psl "^1.1.33"
    punycode "^2.1.1"
    universalify "^0.2.0"
    url-parse "^1.5.3"

tough-cookie@~0.12.1:
  version "0.12.1"
  resolved "http://r.npm.sankuai.com/tough-cookie/download/tough-cookie-0.12.1.tgz#8220c7e21abd5b13d96804254bd5a81ebf2c7d62"
  integrity sha1-giDH4hq9WxPZaAQlS9WoHr8sfWI=
  dependencies:
    punycode ">=0.2.0"

ts-easing@^0.2.0:
  version "0.2.0"
  resolved "http://r.npm.sankuai.com/ts-easing/download/ts-easing-0.2.0.tgz#c8a8a35025105566588d87dbda05dd7fbfa5a4ec"
  integrity sha1-yKijUCUQVWZYjYfb2gXdf7+lpOw=

tslib@^2.0.3:
  version "2.4.0"
  resolved "http://r.npm.sankuai.com/tslib/download/tslib-2.4.0.tgz#7cecaa7f073ce680a05847aa77be941098f36dc3"
  integrity sha1-fOyqfwc85oCgWEeqd76UEJjzbcM=

tslib@^2.1.0:
  version "2.4.1"
  resolved "http://r.npm.sankuai.com/tslib/download/tslib-2.4.1.tgz#0d0bfbaac2880b91e22df0768e55be9753a5b17e"
  integrity sha1-DQv7qsKIC5HiLfB2jlW+l1OlsX4=

typed-query-selector@^2.6.0:
  version "2.6.1"
  resolved "http://r.npm.sankuai.com/typed-query-selector/download/typed-query-selector-2.6.1.tgz#73b6f591974129669df59d90f0bec4216e68a434"
  integrity sha1-c7b1kZdBKWad9Z2Q8L7EIW5opDQ=

universalify@^0.2.0:
  version "0.2.0"
  resolved "http://r.npm.sankuai.com/universalify/download/universalify-0.2.0.tgz#6451760566fa857534745ab1dde952d1b1761be0"
  integrity sha1-ZFF2BWb6hXU0dFqx3elS0bF2G+A=

upper-case-first@^2.0.2:
  version "2.0.2"
  resolved "http://r.npm.sankuai.com/upper-case-first/download/upper-case-first-2.0.2.tgz#992c3273f882abd19d1e02894cc147117f844324"
  integrity sha1-mSwyc/iCq9GdHgKJTMFHEX+EQyQ=
  dependencies:
    tslib "^2.0.3"

upper-case@^2.0.2:
  version "2.0.2"
  resolved "http://r.npm.sankuai.com/upper-case/download/upper-case-2.0.2.tgz#d89810823faab1df1549b7d97a76f8662bae6f7a"
  integrity sha1-2JgQgj+qsd8VSbfZenb4Ziuub3o=
  dependencies:
    tslib "^2.0.3"

url-parse@^1.5.3:
  version "1.5.10"
  resolved "http://r.npm.sankuai.com/url-parse/download/url-parse-1.5.10.tgz#9d3c2f736c1d75dd3bd2be507dcc111f1e2ea9c1"
  integrity sha1-nTwvc2wddd070r5QfcwRHx4uqcE=
  dependencies:
    querystringify "^2.1.1"
    requires-port "^1.0.0"

uuid@^8.3.2:
  version "8.3.2"
  resolved "http://r.npm.sankuai.com/uuid/download/uuid-8.3.2.tgz#80d5b5ced271bb9af6c445f21a1a04c606cefbe2"
  integrity sha1-gNW1ztJxu5r2xEXyGhoExgbO++I=

vtils@^4.59.0:
  version "4.59.0"
  resolved "http://r.npm.sankuai.com/vtils/download/vtils-4.59.0.tgz#f7d2a600538fe8918864b46472e3a2c21f05ddb6"
  integrity sha1-99KmAFOP6JGIZLRkcuOiwh8F3bY=
  dependencies:
    "@babel/runtime" "^7.12.18"
    "@types/benchmark" "^2.1.0"
    "@types/ioredis" "^4.19.4"
    "@types/tough-cookie" "^4.0.0"
    benchmark "^2.1.4"
    cli-table3 "^0.6.0"
    cuid "^2.1.8"
    date-fns "^2.24.0"
    decimal.js-light "^2.5.1"
    fast-xml-parser "^3.18.0"
    gcoord "^0.3.2"
    ioredis "^4.22.0"
    lodash-uni "^1.1.0"
    nanoid "^3.1.20"
    property-expr "^2.0.4"
    react-use "^17.2.1"
    toposort "^2.0.2"
    tough-cookie "^4.0.0"
    tough-cookie-redisstore "^0.0.4"
    typed-query-selector "^2.6.0"
    uuid "^8.3.2"
